<?xml version="1.0" encoding="UTF-8"?>
<CONFIG>
  <ProjectOptions>
    <Version Value="12"/>
    <PathDelim Value="\"/>
    <General>
      <Flags>
        <MainUnitHasCreateFormStatements Value="False"/>
        <MainUnitHasTitleStatement Value="False"/>
        <MainUnitHasScaledStatement Value="False"/>
        <LRSInOutputDirectory Value="False"/>
      </Flags>
      <SessionStorage Value="InProjectDir"/>
      <Title Value="blackshark"/>
      <UseAppBundle Value="False"/>
      <ResourceType Value="res"/>
    </General>
    <CustomData Count="10">
      <Item0 Name="BuildSystem" Value="Gradle"/>
      <Item1 Name="MinSdk" Value="14"/>
      <Item2 Name="NdkApi" Value="android-22"/>
      <Item3 Name="NdkPath" Value="C:\Users\Admin\AppData\Local\Android\Sdk\ndk\23.1.7779620\"/>
      <Item4 Name="Package" Value="org.bshark.blackshark"/>
      <Item5 Name="SdkPath" Value="C:\Users\Admin\AppData\Local\Android\Sdk\"/>
      <Item6 Name="Support" Value="FALSE"/>
      <Item7 Name="Theme" Value="DeviceDefault"/>
      <Item8 Name="bshark" Value="NoGUI"/>
      <Item9 Name="bsharkVersion" Value="0.8.6.1"/>
    </CustomData>
    <BuildModes>
      <Item Name="x86_64" Default="True"/>
    </BuildModes>
    <PublishOptions>
      <Version Value="2"/>
      <UseFileFilters Value="True"/>
    </PublishOptions>
    <RunParams>
      <FormatVersion Value="2"/>
    </RunParams>
    <RequiredPackages>
      <Item>
        <PackageName Value="LazUtils"/>
      </Item>
    </RequiredPackages>
    <Units>
      <Unit>
        <Filename Value="blackshark.lpr"/>
        <IsPartOfProject Value="True"/>
      </Unit>
      <Unit>
        <Filename Value="..\..\..\..\bsApplication\BSApplicationExample.pas"/>
        <IsPartOfProject Value="True"/>
      </Unit>
      <Unit>
        <Filename Value="..\..\..\..\bs.test.switcher.pas"/>
        <IsPartOfProject Value="True"/>
      </Unit>
    </Units>
  </ProjectOptions>
  <CompilerOptions>
    <Version Value="11"/>
    <PathDelim Value="\"/>
    <Target>
      <Filename Value="..\libs\x86_64\blackshark"/>
    </Target>
    <SearchPaths>
      <IncludeFiles Value="..\..\..\..\.."/>
      <Libraries Value="C:\Users\Admin\AppData\Local\Android\Sdk\ndk\23.1.7779620\toolchains\llvm\prebuilt\windows\sysroot\usr\lib\arm-linux-androideabi\22\;C:\Users\Admin\AppData\Local\Android\Sdk\ndk\23.1.7779620\toolchains\arm-linux-androideabi-4.9\prebuilt\windows\lib\gcc\arm-linux-androideabi\4.9.x\"/>
      <OtherUnitFiles Value="..\..\..\..\..\core;..\..\..\..\..\common;..\..\..\..\..\gui;..\..\..\..\bsApplication;..\..\..\.."/>
      <UnitOutputDirectory Value="..\obj\blackshark"/>
    </SearchPaths>
    <Parsing>
      <SyntaxOptions>
        <SyntaxMode Value="Delphi"/>
        <CStyleMacros Value="True"/>
      </SyntaxOptions>
    </Parsing>
    <CodeGeneration>
      <SmartLinkUnit Value="True"/>
      <Checks>
        <StackChecks Value="True"/>
      </Checks>
      <TargetCPU Value="x86_64"/>
      <TargetOS Value="android"/>
      <Optimizations>
        <OptimizationLevel Value="0"/>
      </Optimizations>
      <SmallerCode Value="True"/>
    </CodeGeneration>
    <Linking>
      <Debugging>
        <StripSymbols Value="True"/>
      </Debugging>
      <LinkSmart Value="True"/>
      <Options>
        <ExecutableType Value="Library"/>
      </Options>
    </Linking>
    <Other>
      <CompilerMessages>
        <IgnoredMessages idx6058="True"/>
      </CompilerMessages>
      <CustomOptions Value="-Xd 
-XPx86_64-linux-android-
-FDc:\Lazarus\Stable\cross\bin\all-android\bin\"/>
    </Other>
  </CompilerOptions>
  <Debugging>
    <Exceptions>
      <Item>
        <Name Value="EAbort"/>
      </Item>
      <Item>
        <Name Value="ECodetoolError"/>
      </Item>
      <Item>
        <Name Value="EFOpenError"/>
      </Item>
    </Exceptions>
  </Debugging>
</CONFIG>
